
Microsoft Visual Studio Solution File, Format Version 12.00
# Visual Studio Version 16
VisualStudioVersion = 16.0.29424.173
MinimumVisualStudioVersion = 10.0.40219.1
Project("{FAE04EC0-301F-11D3-BF4B-00C04F79EFBC}") = "Julie", "Julie\Julie.csproj", "{A86B3779-2CC4-429D-948B-0C398B30FE03}"
EndProject
Global
	GlobalSection(SolutionConfigurationPlatforms) = preSolution
		Debug|Any CPU = Debug|Any CPU
		Release|Any CPU = Release|Any CPU
	EndGlobalSection
	GlobalSection(ProjectConfigurationPlatforms) = postSolution
		{A86B3779-2CC4-429D-948B-0C398B30FE03}.Debug|Any CPU.ActiveCfg = Debug|Any CPU
		{A86B3779-2CC4-429D-948B-0C398B30FE03}.Debug|Any CPU.Build.0 = Debug|Any CPU
		{A86B3779-2CC4-429D-948B-0C398B30FE03}.Release|Any CPU.ActiveCfg = Release|Any CPU
		{A86B3779-2CC4-429D-948B-0C398B30FE03}.Release|Any CPU.Build.0 = Release|Any CPU
	EndGlobalSection
	GlobalSection(SolutionProperties) = preSolution
		HideSolutionNode = FALSE
	EndGlobalSection
	GlobalSection(ExtensibilityGlobals) = postSolution
		SolutionGuid = {6750BA3C-2236-4D5F-8045-538117A251E3}
	EndGlobalSection
EndGlobal
